// !$*UTF8*$!
{
	archiveVersion = 1;
	classes = {
	};
	objectVersion = 50;
	objects = {

/* Begin PBXBuildFile section */
		654CA40C242DD2CC0003C103 /* AppDelegate.swift in Sources */ = {isa = PBXBuildFile; fileRef = 654CA40B242DD2CC0003C103 /* AppDelegate.swift */; };
		654CA40E242DD2CC0003C103 /* art.scnassets in Resources */ = {isa = PBXBuildFile; fileRef = 654CA40D242DD2CC0003C103 /* art.scnassets */; };
		654CA410242DD2CC0003C103 /* ViewController.swift in Sources */ = {isa = PBXBuildFile; fileRef = 654CA40F242DD2CC0003C103 /* ViewController.swift */; };
		654CA413242DD2CC0003C103 /* Main.storyboard in Resources */ = {isa = PBXBuildFile; fileRef = 654CA411242DD2CC0003C103 /* Main.storyboard */; };
		654CA415242DD2CC0003C103 /* Assets.xcassets in Resources */ = {isa = PBXBuildFile; fileRef = 654CA414242DD2CC0003C103 /* Assets.xcassets */; };
		654CA418242DD2CC0003C103 /* LaunchScreen.storyboard in Resources */ = {isa = PBXBuildFile; fileRef = 654CA416242DD2CC0003C103 /* LaunchScreen.storyboard */; };
		654CA421242DD6BF0003C103 /* block.jpg in Resources */ = {isa = PBXBuildFile; fileRef = 654CA41F242DD6BF0003C103 /* block.jpg */; };
		654CA422242DD6BF0003C103 /* earth.jpg in Resources */ = {isa = PBXBuildFile; fileRef = 654CA420242DD6BF0003C103 /* earth.jpg */; };
		654CA424242DE3330003C103 /* GridPlane.swift in Sources */ = {isa = PBXBuildFile; fileRef = 654CA423242DE3330003C103 /* GridPlane.swift */; };
		654CA426242DE4D00003C103 /* overlay_grid.png in Resources */ = {isa = PBXBuildFile; fileRef = 654CA425242DE4D00003C103 /* overlay_grid.png */; };
/* End PBXBuildFile section */

/* Begin PBXFileReference section */
		654CA408242DD2CC0003C103 /* boxAr-sampel.app */ = {isa = PBXFileReference; explicitFileType = wrapper.application; includeInIndex = 0; path = "boxAr-sampel.app"; sourceTree = BUILT_PRODUCTS_DIR; };
		654CA40B242DD2CC0003C103 /* AppDelegate.swift */ = {isa = PBXFileReference; lastKnownFileType = sourcecode.swift; path = AppDelegate.swift; sourceTree = "<group>"; };
		654CA40D242DD2CC0003C103 /* art.scnassets */ = {isa = PBXFileReference; lastKnownFileType = wrapper.scnassets; path = art.scnassets; sourceTree = "<group>"; };
		654CA40F242DD2CC0003C103 /* ViewController.swift */ = {isa = PBXFileReference; lastKnownFileType = sourcecode.swift; path = ViewController.swift; sourceTree = "<group>"; };
		654CA412242DD2CC0003C103 /* Base */ = {isa = PBXFileReference; lastKnownFileType = file.storyboard; name = Base; path = Base.lproj/Main.storyboard; sourceTree = "<group>"; };
		654CA414242DD2CC0003C103 /* Assets.xcassets */ = {isa = PBXFileReference; lastKnownFileType = folder.assetcatalog; path = Assets.xcassets; sourceTree = "<group>"; };
		654CA417242DD2CC0003C103 /* Base */ = {isa = PBXFileReference; lastKnownFileType = file.storyboard; name = Base; path = Base.lproj/LaunchScreen.storyboard; sourceTree = "<group>"; };
		654CA419242DD2CC0003C103 /* Info.plist */ = {isa = PBXFileReference; lastKnownFileType = text.plist.xml; path = Info.plist; sourceTree = "<group>"; };
		654CA41F242DD6BF0003C103 /* block.jpg */ = {isa = PBXFileReference; lastKnownFileType = image.jpeg; path = block.jpg; sourceTree = "<group>"; };
		654CA420242DD6BF0003C103 /* earth.jpg */ = {isa = PBXFileReference; lastKnownFileType = image.jpeg; path = earth.jpg; sourceTree = "<group>"; };
		654CA423242DE3330003C103 /* GridPlane.swift */ = {isa = PBXFileReference; lastKnownFileType = sourcecode.swift; path = GridPlane.swift; sourceTree = "<group>"; };
		654CA425242DE4D00003C103 /* overlay_grid.png */ = {isa = PBXFileReference; lastKnownFileType = image.png; path = overlay_grid.png; sourceTree = "<group>"; };
/* End PBXFileReference section */

/* Begin PBXFrameworksBuildPhase section */
		654CA405242DD2CC0003C103 /* Frameworks */ = {
			isa = PBXFrameworksBuildPhase;
			buildActionMask = 2147483647;
			files = (
			);
			runOnlyForDeploymentPostprocessing = 0;
		};
/* End PBXFrameworksBuildPhase section */

/* Begin PBXGroup section */
		654CA3FF242DD2CC0003C103 = {
			isa = PBXGroup;
			children = (
				654CA40A242DD2CC0003C103 /* boxAr-sampel */,
				654CA409242DD2CC0003C103 /* Products */,
			);
			sourceTree = "<group>";
		};
		654CA409242DD2CC0003C103 /* Products */ = {
			isa = PBXGroup;
			children = (
				654CA408242DD2CC0003C103 /* boxAr-sampel.app */,
			);
			name = Products;
			sourceTree = "<group>";
		};
		654CA40A242DD2CC0003C103 /* boxAr-sampel */ = {
			isa = PBXGroup;
			children = (
				654CA425242DE4D00003C103 /* overlay_grid.png */,
				654CA41F242DD6BF0003C103 /* block.jpg */,
				654CA420242DD6BF0003C103 /* earth.jpg */,
				654CA40B242DD2CC0003C103 /* AppDelegate.swift */,
				654CA40D242DD2CC0003C103 /* art.scnassets */,
				654CA40F242DD2CC0003C103 /* ViewController.swift */,
				654CA411242DD2CC0003C103 /* Main.storyboard */,
				654CA414242DD2CC0003C103 /* Assets.xcassets */,
				654CA416242DD2CC0003C103 /* LaunchScreen.storyboard */,
				654CA419242DD2CC0003C103 /* Info.plist */,
				654CA423242DE3330003C103 /* GridPlane.swift */,
			);
			path = "boxAr-sampel";
			sourceTree = "<group>";
		};
/* End PBXGroup section */

/* Begin PBXNativeTarget section */
		654CA407242DD2CC0003C103 /* boxAr-sampel */ = {
			isa = PBXNativeTarget;
			buildConfigurationList = 654CA41C242DD2CC0003C103 /* Build configuration list for PBXNativeTarget "boxAr-sampel" */;
			buildPhases = (
				654CA404242DD2CC0003C103 /* Sources */,
				654CA405242DD2CC0003C103 /* Frameworks */,
				654CA406242DD2CC0003C103 /* Resources */,
			);
			buildRules = (
			);
			dependencies = (
			);
			name = "boxAr-sampel";
			productName = "boxAr-sampel";
			productReference = 654CA408242DD2CC0003C103 /* boxAr-sampel.app */;
			productType = "com.apple.product-type.application";
		};
/* End PBXNativeTarget section */

/* Begin PBXProject section */
		654CA400242DD2CC0003C103 /* Project object */ = {
			isa = PBXProject;
			attributes = {
				LastSwiftUpdateCheck = 1140;
				LastUpgradeCheck = 1140;
				ORGANIZATIONNAME = "JONGWOO JIN";
				TargetAttributes = {
					654CA407242DD2CC0003C103 = {
						CreatedOnToolsVersion = 11.4;
					};
				};
			};
			buildConfigurationList = 654CA403242DD2CC0003C103 /* Build configuration list for PBXProject "boxAr-sampel" */;
			compatibilityVersion = "Xcode 9.3";
			developmentRegion = en;
			hasScannedForEncodings = 0;
			knownRegions = (
				en,
				Base,
			);
			mainGroup = 654CA3FF242DD2CC0003C103;
			productRefGroup = 654CA409242DD2CC0003C103 /* Products */;
			projectDirPath = "";
			projectRoot = "";
			targets = (
				654CA407242DD2CC0003C103 /* boxAr-sampel */,
			);
		};
/* End PBXProject section */

/* Begin PBXResourcesBuildPhase section */
		654CA406242DD2CC0003C103 /* Resources */ = {
			isa = PBXResourcesBuildPhase;
			buildActionMask = 2147483647;
			files = (
				654CA40E242DD2CC0003C103 /* art.scnassets in Resources */,
				654CA418242DD2CC0003C103 /* LaunchScreen.storyboard in Resources */,
				654CA422242DD6BF0003C103 /* earth.jpg in Resources */,
				654CA415242DD2CC0003C103 /* Assets.xcassets in Resources */,
				654CA413242DD2CC0003C103 /* Main.storyboard in Resources */,
				654CA426242DE4D00003C103 /* overlay_grid.png in Resources */,
				654CA421242DD6BF0003C103 /* block.jpg in Resources */,
			);
			runOnlyForDeploymentPostprocessing = 0;
		};
/* End PBXResourcesBuildPhase section */

/* Begin PBXSourcesBuildPhase section */
		654CA404242DD2CC0003C103 /* Sources */ = {
			isa = PBXSourcesBuildPhase;
			buildActionMask = 2147483647;
			files = (
				654CA424242DE3330003C103 /* GridPlane.swift in Sources */,
				654CA410242DD2CC0003C103 /* ViewController.swift in Sources */,
				654CA40C242DD2CC0003C103 /* AppDelegate.swift in Sources */,
			);
			runOnlyForDeploymentPostprocessing = 0;
		};
/* End PBXSourcesBuildPhase section */

/* Begin PBXVariantGroup section */
		654CA411242DD2CC0003C103 /* Main.storyboard */ = {
			isa = PBXVariantGroup;
			children = (
				654CA412242DD2CC0003C103 /* Base */,
			);
			name = Main.storyboard;
			sourceTree = "<group>";
		};
		654CA416242DD2CC0003C103 /* LaunchScreen.storyboard */ = {
			isa = PBXVariantGroup;
			children = (
				654CA417242DD2CC0003C103 /* Base */,
			);
			name = LaunchScreen.storyboard;
			sourceTree = "<group>";
		};
/* End PBXVariantGroup section */

/* Begin XCBuildConfiguration section */
		654CA41A242DD2CC0003C103 /* Debug */ = {
			isa = XCBuildConfiguration;
			buildSettings = {
				ALWAYS_SEARCH_USER_PATHS = NO;
				CLANG_ANALYZER_NONNULL = YES;
				CLANG_ANALYZER_NUMBER_OBJECT_CONVERSION = YES_AGGRESSIVE;
				CLANG_CXX_LANGUAGE_STANDARD = "gnu++14";
				CLANG_CXX_LIBRARY = "libc++";
				CLANG_ENABLE_MODULES = YES;
				CLANG_ENABLE_OBJC_ARC = YES;
				CLANG_ENABLE_OBJC_WEAK = YES;
				CLANG_WARN_BLOCK_CAPTURE_AUTORELEASING = YES;
				CLANG_WARN_BOOL_CONVERSION = YES;
				CLANG_WARN_COMMA = YES;
				CLANG_WARN_CONSTANT_CONVERSION = YES;
				CLANG_WARN_DEPRECATED_OBJC_IMPLEMENTATIONS = YES;
				CLANG_WARN_DIRECT_OBJC_ISA_USAGE = YES_ERROR;
				CLANG_WARN_DOCUMENTATION_COMMENTS = YES;
				CLANG_WARN_EMPTY_BODY = YES;
				CLANG_WARN_ENUM_CONVERSION = YES;
				CLANG_WARN_INFINITE_RECURSION = YES;
				CLANG_WARN_INT_CONVERSION = YES;
				CLANG_WARN_NON_LITERAL_NULL_CONVERSION = YES;
				CLANG_WARN_OBJC_IMPLICIT_RETAIN_SELF = YES;
				CLANG_WARN_OBJC_LITERAL_CONVERSION = YES;
				CLANG_WARN_OBJC_ROOT_CLASS = YES_ERROR;
				CLANG_WARN_RANGE_LOOP_ANALYSIS = YES;
				CLANG_WARN_STRICT_PROTOTYPES = YES;
				CLANG_WARN_SUSPICIOUS_MOVE = YES;
				CLANG_WARN_UNGUARDED_AVAILABILITY = YES_AGGRESSIVE;
				CLANG_WARN_UNREACHABLE_CODE = YES;
				CLANG_WARN__DUPLICATE_METHOD_MATCH = YES;
				COPY_PHASE_STRIP = NO;
				DEBUG_INFORMATION_FORMAT = dwarf;
				ENABLE_STRICT_OBJC_MSGSEND = YES;
				ENABLE_TESTABILITY = YES;
				GCC_C_LANGUAGE_STANDARD = gnu11;
				GCC_DYNAMIC_NO_PIC = NO;
				GCC_NO_COMMON_BLOCKS = YES;
				GCC_OPTIMIZATION_LEVEL = 0;
				GCC_PREPROCESSOR_DEFINITIONS = (
					"DEBUG=1",
					"$(inherited)",
				);
				GCC_WARN_64_TO_32_BIT_CONVERSION = YES;
				GCC_WARN_ABOUT_RETURN_TYPE = YES_ERROR;
				GCC_WARN_UNDECLARED_SELECTOR = YES;
				GCC_WARN_UNINITIALIZED_AUTOS = YES_AGGRESSIVE;
				GCC_WARN_UNUSED_FUNCTION = YES;
				GCC_WARN_UNUSED_VARIABLE = YES;
				IPHONEOS_DEPLOYMENT_TARGET = 13.4;
				MTL_ENABLE_DEBUG_INFO = INCLUDE_SOURCE;
				MTL_FAST_MATH = YES;
				ONLY_ACTIVE_ARCH = YES;
				SDKROOT = iphoneos;
				SWIFT_ACTIVE_COMPILATION_CONDITIONS = DEBUG;
				SWIFT_OPTIMIZATION_LEVEL = "-Onone";
			};
			name = Debug;
		};
		654CA41B242DD2CC0003C103 /* Release */ = {
			isa = XCBuildConfiguration;
			buildSettings = {
				ALWAYS_SEARCH_USER_PATHS = NO;
				CLANG_ANALYZER_NONNULL = YES;
				CLANG_ANALYZER_NUMBER_OBJECT_CONVERSION = YES_AGGRESSIVE;
				CLANG_CXX_LANGUAGE_STANDARD = "gnu++14";
				CLANG_CXX_LIBRARY = "libc++";
				CLANG_ENABLE_MODULES = YES;
				CLANG_ENABLE_OBJC_ARC = YES;
				CLANG_ENABLE_OBJC_WEAK = YES;
				CLANG_WARN_BLOCK_CAPTURE_AUTORELEASING = YES;
				CLANG_WARN_BOOL_CONVERSION = YES;
				CLANG_WARN_COMMA = YES;
				CLANG_WARN_CONSTANT_CONVERSION = YES;
				CLANG_WARN_DEPRECATED_OBJC_IMPLEMENTATIONS = YES;
				CLANG_WARN_DIRECT_OBJC_ISA_USAGE = YES_ERROR;
				CLANG_WARN_DOCUMENTATION_COMMENTS = YES;
				CLANG_WARN_EMPTY_BODY = YES;
				CLANG_WARN_ENUM_CONVERSION = YES;
				CLANG_WARN_INFINITE_RECURSION = YES;
				CLANG_WARN_INT_CONVERSION = YES;
				CLANG_WARN_NON_LITERAL_NULL_CONVERSION = YES;
				CLANG_WARN_OBJC_IMPLICIT_RETAIN_SELF = YES;
				CLANG_WARN_OBJC_LITERAL_CONVERSION = YES;
				CLANG_WARN_OBJC_ROOT_CLASS = YES_ERROR;
				CLANG_WARN_RANGE_LOOP_ANALYSIS = YES;
				CLANG_WARN_STRICT_PROTOTYPES = YES;
				CLANG_WARN_SUSPICIOUS_MOVE = YES;
				CLANG_WARN_UNGUARDED_AVAILABILITY = YES_AGGRESSIVE;
				CLANG_WARN_UNREACHABLE_CODE = YES;
				CLANG_WARN__DUPLICATE_METHOD_MATCH = YES;
				COPY_PHASE_STRIP = NO;
				DEBUG_INFORMATION_FORMAT = "dwarf-with-dsym";
				ENABLE_NS_ASSERTIONS = NO;
				ENABLE_STRICT_OBJC_MSGSEND = YES;
				GCC_C_LANGUAGE_STANDARD = gnu11;
				GCC_NO_COMMON_BLOCKS = YES;
				GCC_WARN_64_TO_32_BIT_CONVERSION = YES;
				GCC_WARN_ABOUT_RETURN_TYPE = YES_ERROR;
				GCC_WARN_UNDECLARED_SELECTOR = YES;
				GCC_WARN_UNINITIALIZED_AUTOS = YES_AGGRESSIVE;
				GCC_WARN_UNUSED_FUNCTION = YES;
				GCC_WARN_UNUSED_VARIABLE = YES;
				IPHONEOS_DEPLOYMENT_TARGET = 13.4;
				MTL_ENABLE_DEBUG_INFO = NO;
				MTL_FAST_MATH = YES;
				SDKROOT = iphoneos;
				SWIFT_COMPILATION_MODE = wholemodule;
				SWIFT_OPTIMIZATION_LEVEL = "-O";
				VALIDATE_PRODUCT = YES;
			};
			name = Release;
		};
		654CA41D242DD2CC0003C103 /* Debug */ = {
			isa = XCBuildConfiguration;
			buildSettings = {
				ASSETCATALOG_COMPILER_APPICON_NAME = AppIcon;
				CODE_SIGN_STYLE = Automatic;
				DEVELOPMENT_TEAM = 2822CJ3WHD;
				INFOPLIST_FILE = "boxAr-sampel/Info.plist";
				LD_RUNPATH_SEARCH_PATHS = (
					"$(inherited)",
					"@executable_path/Frameworks",
				);
				PRODUCT_BUNDLE_IDENTIFIER = "a1824jj.boxAr-sampel";
				PRODUCT_NAME = "$(TARGET_NAME)";
				SWIFT_VERSION = 5.0;
				TARGETED_DEVICE_FAMILY = "1,2";
			};
			name = Debug;
		};
		654CA41E242DD2CC0003C103 /* Release */ = {
			isa = XCBuildConfiguration;
			buildSettings = {
				ASSETCATALOG_COMPILER_APPICON_NAME = AppIcon;
				CODE_SIGN_STYLE = Automatic;
				DEVELOPMENT_TEAM = 2822CJ3WHD;
				INFOPLIST_FILE = "boxAr-sampel/Info.plist";
				LD_RUNPATH_SEARCH_PATHS = (
					"$(inherited)",
					"@executable_path/Frameworks",
				);
				PRODUCT_BUNDLE_IDENTIFIER = "a1824jj.boxAr-sampel";
				PRODUCT_NAME = "$(TARGET_NAME)";
				SWIFT_VERSION = 5.0;
				TARGETED_DEVICE_FAMILY = "1,2";
			};
			name = Release;
		};
/* End XCBuildConfiguration section */

/* Begin XCConfigurationList section */
		654CA403242DD2CC0003C103 /* Build configuration list for PBXProject "boxAr-sampel" */ = {
			isa = XCConfigurationList;
			buildConfigurations = (
				654CA41A242DD2CC0003C103 /* Debug */,
				654CA41B242DD2CC0003C103 /* Release */,
			);
			defaultConfigurationIsVisible = 0;
			defaultConfigurationName = Release;
		};
		654CA41C242DD2CC0003C103 /* Build configuration list for PBXNativeTarget "boxAr-sampel" */ = {
			isa = XCConfigurationList;
			buildConfigurations = (
				654CA41D242DD2CC0003C103 /* Debug */,
				654CA41E242DD2CC0003C103 /* Release */,
			);
			defaultConfigurationIsVisible = 0;
			defaultConfigurationName = Release;
		};
/* End XCConfigurationList section */
	};
	rootObject = 654CA400242DD2CC0003C103 /* Project object */;
}
